
Microsoft Visual Studio Solution File, Format Version 12.00
# Visual Studio Version 16
VisualStudioVersion = 16.0.32228.343
MinimumVisualStudioVersion = 10.0.40219.1
Project("{FAE04EC0-301F-11D3-BF4B-00C04F79EFBC}") = "Create_Table", "Create_Table\Create_Table.csproj", "{120C09B2-A2CD-41BE-ABE6-F453450FBDED}"
EndProject
Global
	GlobalSection(SolutionConfigurationPlatforms) = preSolution
		Debug|Any CPU = Debug|Any CPU
		Release|Any CPU = Release|Any CPU
	EndGlobalSection
	GlobalSection(ProjectConfigurationPlatforms) = postSolution
		{120C09B2-A2CD-41BE-ABE6-F453450FBDED}.Debug|Any CPU.ActiveCfg = Debug|Any CPU
		{120C09B2-A2CD-41BE-ABE6-F453450FBDED}.Debug|Any CPU.Build.0 = Debug|Any CPU
		{120C09B2-A2CD-41BE-ABE6-F453450FBDED}.Release|Any CPU.ActiveCfg = Release|Any CPU
		{120C09B2-A2CD-41BE-ABE6-F453450FBDED}.Release|Any CPU.Build.0 = Release|Any CPU
	EndGlobalSection
	GlobalSection(SolutionProperties) = preSolution
		HideSolutionNode = FALSE
	EndGlobalSection
	GlobalSection(ExtensibilityGlobals) = postSolution
		SolutionGuid = {3E420A05-AC82-4D9F-9967-C4A794E80362}
	EndGlobalSection
EndGlobal
